// !$*UTF8*$!
{
	archiveVersion = 1;
	classes = {
	};
	objectVersion = 55;
	objects = {

/* Begin PBXBuildFile section */
		E07B1802271A037900300035 /* PredictAgeRequest.swift in Sources */ = {isa = PBXBuildFile; fileRef = E07B1801271A037900300035 /* PredictAgeRequest.swift */; };
		E07B1804271A039F00300035 /* PredictAgeResponse.swift in Sources */ = {isa = PBXBuildFile; fileRef = E07B1803271A039F00300035 /* PredictAgeResponse.swift */; };
		E07B1806271A03C400300035 /* PredictAgeTarget.swift in Sources */ = {isa = PBXBuildFile; fileRef = E07B1805271A03C400300035 /* PredictAgeTarget.swift */; };
		E07B1808271A03CD00300035 /* PredictAgeAPI.swift in Sources */ = {isa = PBXBuildFile; fileRef = E07B1807271A03CD00300035 /* PredictAgeAPI.swift */; };
		E07B180A271A043200300035 /* Person.swift in Sources */ = {isa = PBXBuildFile; fileRef = E07B1809271A043200300035 /* Person.swift */; };
		E07B180E271A088700300035 /* KeychainAccess in Frameworks */ = {isa = PBXBuildFile; productRef = E07B180D271A088700300035 /* KeychainAccess */; };
		E07B1810271A089000300035 /* KeychainService.swift in Sources */ = {isa = PBXBuildFile; fileRef = E07B180F271A089000300035 /* KeychainService.swift */; };
		E07B1812271A08DB00300035 /* Crypto.swift in Sources */ = {isa = PBXBuildFile; fileRef = E07B1811271A08DB00300035 /* Crypto.swift */; };
		E07B1816271A08FB00300035 /* KeychainAccessible.swift in Sources */ = {isa = PBXBuildFile; fileRef = E07B1815271A08FB00300035 /* KeychainAccessible.swift */; };
		E07B1818271A0AA500300035 /* MyRequestInterceptor.swift in Sources */ = {isa = PBXBuildFile; fileRef = E07B1817271A0AA500300035 /* MyRequestInterceptor.swift */; };
		E0BA96A9271AA27A00D13101 /* MyAuthenticationCredential.swift in Sources */ = {isa = PBXBuildFile; fileRef = E0BA96A8271AA27A00D13101 /* MyAuthenticationCredential.swift */; };
		E0BA96AB271AA28700D13101 /* MyAuthenticator.swift in Sources */ = {isa = PBXBuildFile; fileRef = E0BA96AA271AA28700D13101 /* MyAuthenticator.swift */; };
		E0BA96AD271AAD5800D13101 /* APIEventLogger.swift in Sources */ = {isa = PBXBuildFile; fileRef = E0BA96AC271AAD5800D13101 /* APIEventLogger.swift */; };
		E0BA96AF271AB0DC00D13101 /* API.swift in Sources */ = {isa = PBXBuildFile; fileRef = E0BA96AE271AB0DC00D13101 /* API.swift */; };
		E0F26A632719CBEE0053635A /* AppDelegate.swift in Sources */ = {isa = PBXBuildFile; fileRef = E0F26A622719CBEE0053635A /* AppDelegate.swift */; };
		E0F26A652719CBEE0053635A /* SceneDelegate.swift in Sources */ = {isa = PBXBuildFile; fileRef = E0F26A642719CBEE0053635A /* SceneDelegate.swift */; };
		E0F26A672719CBEE0053635A /* ViewController.swift in Sources */ = {isa = PBXBuildFile; fileRef = E0F26A662719CBEE0053635A /* ViewController.swift */; };
		E0F26A6A2719CBEE0053635A /* Main.storyboard in Resources */ = {isa = PBXBuildFile; fileRef = E0F26A682719CBEE0053635A /* Main.storyboard */; };
		E0F26A6C2719CBEF0053635A /* Assets.xcassets in Resources */ = {isa = PBXBuildFile; fileRef = E0F26A6B2719CBEF0053635A /* Assets.xcassets */; };
		E0F26A6F2719CBEF0053635A /* LaunchScreen.storyboard in Resources */ = {isa = PBXBuildFile; fileRef = E0F26A6D2719CBEF0053635A /* LaunchScreen.storyboard */; };
		E0F26A7E2719CCA30053635A /* Alamofire in Frameworks */ = {isa = PBXBuildFile; productRef = E0F26A7D2719CCA30053635A /* Alamofire */; };
		E0F26A802719D6DD0053635A /* TargetType.swift in Sources */ = {isa = PBXBuildFile; fileRef = E0F26A7F2719D6DD0053635A /* TargetType.swift */; };
		E0F26A822719D8090053635A /* HTTPHeaderField.swift in Sources */ = {isa = PBXBuildFile; fileRef = E0F26A812719D8090053635A /* HTTPHeaderField.swift */; };
		E0F26A872719D8BD0053635A /* LoginTarget.swift in Sources */ = {isa = PBXBuildFile; fileRef = E0F26A862719D8BD0053635A /* LoginTarget.swift */; };
		E0F26A8C2719D9200053635A /* LoginResponse.swift in Sources */ = {isa = PBXBuildFile; fileRef = E0F26A8B2719D9200053635A /* LoginResponse.swift */; };
		E0F26A8E2719D9400053635A /* LoginRequest.swift in Sources */ = {isa = PBXBuildFile; fileRef = E0F26A8D2719D9400053635A /* LoginRequest.swift */; };
		E0F26A902719DDFB0053635A /* LoginAPI.swift in Sources */ = {isa = PBXBuildFile; fileRef = E0F26A8F2719DDFB0053635A /* LoginAPI.swift */; };
		E0F26A972719E5E30053635A /* Login.swift in Sources */ = {isa = PBXBuildFile; fileRef = E0F26A962719E5E30053635A /* Login.swift */; };
		E0F26A992719E6690053635A /* UserDetailsRequest.swift in Sources */ = {isa = PBXBuildFile; fileRef = E0F26A982719E6690053635A /* UserDetailsRequest.swift */; };
		E0F26A9D2719E6E70053635A /* UserDetailsResponse.swift in Sources */ = {isa = PBXBuildFile; fileRef = E0F26A9C2719E6E70053635A /* UserDetailsResponse.swift */; };
/* End PBXBuildFile section */

/* Begin PBXFileReference section */
		E07B1801271A037900300035 /* PredictAgeRequest.swift */ = {isa = PBXFileReference; lastKnownFileType = sourcecode.swift; path = PredictAgeRequest.swift; sourceTree = "<group>"; };
		E07B1803271A039F00300035 /* PredictAgeResponse.swift */ = {isa = PBXFileReference; lastKnownFileType = sourcecode.swift; path = PredictAgeResponse.swift; sourceTree = "<group>"; };
		E07B1805271A03C400300035 /* PredictAgeTarget.swift */ = {isa = PBXFileReference; lastKnownFileType = sourcecode.swift; path = PredictAgeTarget.swift; sourceTree = "<group>"; };
		E07B1807271A03CD00300035 /* PredictAgeAPI.swift */ = {isa = PBXFileReference; lastKnownFileType = sourcecode.swift; path = PredictAgeAPI.swift; sourceTree = "<group>"; };
		E07B1809271A043200300035 /* Person.swift */ = {isa = PBXFileReference; lastKnownFileType = sourcecode.swift; path = Person.swift; sourceTree = "<group>"; };
		E07B180F271A089000300035 /* KeychainService.swift */ = {isa = PBXFileReference; lastKnownFileType = sourcecode.swift; path = KeychainService.swift; sourceTree = "<group>"; };
		E07B1811271A08DB00300035 /* Crypto.swift */ = {isa = PBXFileReference; lastKnownFileType = sourcecode.swift; path = Crypto.swift; sourceTree = "<group>"; };
		E07B1815271A08FB00300035 /* KeychainAccessible.swift */ = {isa = PBXFileReference; lastKnownFileType = sourcecode.swift; path = KeychainAccessible.swift; sourceTree = "<group>"; };
		E07B1817271A0AA500300035 /* MyRequestInterceptor.swift */ = {isa = PBXFileReference; lastKnownFileType = sourcecode.swift; path = MyRequestInterceptor.swift; sourceTree = "<group>"; };
		E0BA96A8271AA27A00D13101 /* MyAuthenticationCredential.swift */ = {isa = PBXFileReference; lastKnownFileType = sourcecode.swift; path = MyAuthenticationCredential.swift; sourceTree = "<group>"; };
		E0BA96AA271AA28700D13101 /* MyAuthenticator.swift */ = {isa = PBXFileReference; lastKnownFileType = sourcecode.swift; path = MyAuthenticator.swift; sourceTree = "<group>"; };
		E0BA96AC271AAD5800D13101 /* APIEventLogger.swift */ = {isa = PBXFileReference; lastKnownFileType = sourcecode.swift; path = APIEventLogger.swift; sourceTree = "<group>"; };
		E0BA96AE271AB0DC00D13101 /* API.swift */ = {isa = PBXFileReference; lastKnownFileType = sourcecode.swift; path = API.swift; sourceTree = "<group>"; };
		E0F26A5F2719CBEE0053635A /* ExAlamofire.app */ = {isa = PBXFileReference; explicitFileType = wrapper.application; includeInIndex = 0; path = ExAlamofire.app; sourceTree = BUILT_PRODUCTS_DIR; };
		E0F26A622719CBEE0053635A /* AppDelegate.swift */ = {isa = PBXFileReference; lastKnownFileType = sourcecode.swift; path = AppDelegate.swift; sourceTree = "<group>"; };
		E0F26A642719CBEE0053635A /* SceneDelegate.swift */ = {isa = PBXFileReference; lastKnownFileType = sourcecode.swift; path = SceneDelegate.swift; sourceTree = "<group>"; };
		E0F26A662719CBEE0053635A /* ViewController.swift */ = {isa = PBXFileReference; lastKnownFileType = sourcecode.swift; path = ViewController.swift; sourceTree = "<group>"; };
		E0F26A692719CBEE0053635A /* Base */ = {isa = PBXFileReference; lastKnownFileType = file.storyboard; name = Base; path = Base.lproj/Main.storyboard; sourceTree = "<group>"; };
		E0F26A6B2719CBEF0053635A /* Assets.xcassets */ = {isa = PBXFileReference; lastKnownFileType = folder.assetcatalog; path = Assets.xcassets; sourceTree = "<group>"; };
		E0F26A6E2719CBEF0053635A /* Base */ = {isa = PBXFileReference; lastKnownFileType = file.storyboard; name = Base; path = Base.lproj/LaunchScreen.storyboard; sourceTree = "<group>"; };
		E0F26A702719CBEF0053635A /* Info.plist */ = {isa = PBXFileReference; lastKnownFileType = text.plist.xml; path = Info.plist; sourceTree = "<group>"; };
		E0F26A7F2719D6DD0053635A /* TargetType.swift */ = {isa = PBXFileReference; lastKnownFileType = sourcecode.swift; path = TargetType.swift; sourceTree = "<group>"; };
		E0F26A812719D8090053635A /* HTTPHeaderField.swift */ = {isa = PBXFileReference; lastKnownFileType = sourcecode.swift; path = HTTPHeaderField.swift; sourceTree = "<group>"; };
		E0F26A862719D8BD0053635A /* LoginTarget.swift */ = {isa = PBXFileReference; lastKnownFileType = sourcecode.swift; path = LoginTarget.swift; sourceTree = "<group>"; };
		E0F26A8B2719D9200053635A /* LoginResponse.swift */ = {isa = PBXFileReference; lastKnownFileType = sourcecode.swift; path = LoginResponse.swift; sourceTree = "<group>"; };
		E0F26A8D2719D9400053635A /* LoginRequest.swift */ = {isa = PBXFileReference; lastKnownFileType = sourcecode.swift; path = LoginRequest.swift; sourceTree = "<group>"; };
		E0F26A8F2719DDFB0053635A /* LoginAPI.swift */ = {isa = PBXFileReference; lastKnownFileType = sourcecode.swift; path = LoginAPI.swift; sourceTree = "<group>"; };
		E0F26A962719E5E30053635A /* Login.swift */ = {isa = PBXFileReference; lastKnownFileType = sourcecode.swift; path = Login.swift; sourceTree = "<group>"; };
		E0F26A982719E6690053635A /* UserDetailsRequest.swift */ = {isa = PBXFileReference; lastKnownFileType = sourcecode.swift; path = UserDetailsRequest.swift; sourceTree = "<group>"; };
		E0F26A9C2719E6E70053635A /* UserDetailsResponse.swift */ = {isa = PBXFileReference; lastKnownFileType = sourcecode.swift; path = UserDetailsResponse.swift; sourceTree = "<group>"; };
/* End PBXFileReference section */

/* Begin PBXFrameworksBuildPhase section */
		E0F26A5C2719CBEE0053635A /* Frameworks */ = {
			isa = PBXFrameworksBuildPhase;
			buildActionMask = 2147483647;
			files = (
				E07B180E271A088700300035 /* KeychainAccess in Frameworks */,
				E0F26A7E2719CCA30053635A /* Alamofire in Frameworks */,
			);
			runOnlyForDeploymentPostprocessing = 0;
		};
/* End PBXFrameworksBuildPhase section */

/* Begin PBXGroup section */
		E07B17FF271A034900300035 /* PredictAge */ = {
			isa = PBXGroup;
			children = (
				E07B1807271A03CD00300035 /* PredictAgeAPI.swift */,
				E07B1805271A03C400300035 /* PredictAgeTarget.swift */,
				E07B1800271A037100300035 /* Models */,
			);
			path = PredictAge;
			sourceTree = "<group>";
		};
		E07B1800271A037100300035 /* Models */ = {
			isa = PBXGroup;
			children = (
				E07B1801271A037900300035 /* PredictAgeRequest.swift */,
				E07B1803271A039F00300035 /* PredictAgeResponse.swift */,
			);
			path = Models;
			sourceTree = "<group>";
		};
		E07B180B271A087100300035 /* Keychain */ = {
			isa = PBXGroup;
			children = (
				E07B1815271A08FB00300035 /* KeychainAccessible.swift */,
				E07B180F271A089000300035 /* KeychainService.swift */,
				E07B1811271A08DB00300035 /* Crypto.swift */,
			);
			path = Keychain;
			sourceTree = "<group>";
		};
		E0BA96A7271AA25B00D13101 /* OAuth */ = {
			isa = PBXGroup;
			children = (
				E0BA96A8271AA27A00D13101 /* MyAuthenticationCredential.swift */,
				E0BA96AA271AA28700D13101 /* MyAuthenticator.swift */,
			);
			path = OAuth;
			sourceTree = "<group>";
		};
		E0F26A562719CBEE0053635A = {
			isa = PBXGroup;
			children = (
				E0F26A612719CBEE0053635A /* ExAlamofire */,
				E0F26A602719CBEE0053635A /* Products */,
			);
			sourceTree = "<group>";
		};
		E0F26A602719CBEE0053635A /* Products */ = {
			isa = PBXGroup;
			children = (
				E0F26A5F2719CBEE0053635A /* ExAlamofire.app */,
			);
			name = Products;
			sourceTree = "<group>";
		};
		E0F26A612719CBEE0053635A /* ExAlamofire */ = {
			isa = PBXGroup;
			children = (
				E0F26A952719E5DD0053635A /* Domain */,
				E07B180B271A087100300035 /* Keychain */,
				E0F26A762719CBFF0053635A /* Network */,
				E0F26A622719CBEE0053635A /* AppDelegate.swift */,
				E0F26A642719CBEE0053635A /* SceneDelegate.swift */,
				E0F26A662719CBEE0053635A /* ViewController.swift */,
				E0F26A682719CBEE0053635A /* Main.storyboard */,
				E0F26A6B2719CBEF0053635A /* Assets.xcassets */,
				E0F26A6D2719CBEF0053635A /* LaunchScreen.storyboard */,
				E0F26A702719CBEF0053635A /* Info.plist */,
			);
			path = ExAlamofire;
			sourceTree = "<group>";
		};
		E0F26A762719CBFF0053635A /* Network */ = {
			isa = PBXGroup;
			children = (
				E0F26A9F2719E7890053635A /* Bases */,
				E0BA96A7271AA25B00D13101 /* OAuth */,
				E0F26A852719D8B50053635A /* APIs */,
			);
			path = Network;
			sourceTree = "<group>";
		};
		E0F26A852719D8B50053635A /* APIs */ = {
			isa = PBXGroup;
			children = (
				E0F26A9A2719E6C30053635A /* Login */,
				E07B17FF271A034900300035 /* PredictAge */,
			);
			path = APIs;
			sourceTree = "<group>";
		};
		E0F26A952719E5DD0053635A /* Domain */ = {
			isa = PBXGroup;
			children = (
				E0F26AA02719E7AC0053635A /* Models */,
			);
			path = Domain;
			sourceTree = "<group>";
		};
		E0F26A9A2719E6C30053635A /* Login */ = {
			isa = PBXGroup;
			children = (
				E0F26A8F2719DDFB0053635A /* LoginAPI.swift */,
				E0F26A862719D8BD0053635A /* LoginTarget.swift */,
				E0F26A9B2719E6D30053635A /* Models */,
			);
			path = Login;
			sourceTree = "<group>";
		};
		E0F26A9B2719E6D30053635A /* Models */ = {
			isa = PBXGroup;
			children = (
				E0F26A8D2719D9400053635A /* LoginRequest.swift */,
				E0F26A8B2719D9200053635A /* LoginResponse.swift */,
				E0F26A982719E6690053635A /* UserDetailsRequest.swift */,
				E0F26A9C2719E6E70053635A /* UserDetailsResponse.swift */,
			);
			path = Models;
			sourceTree = "<group>";
		};
		E0F26A9F2719E7890053635A /* Bases */ = {
			isa = PBXGroup;
			children = (
				E0F26A7F2719D6DD0053635A /* TargetType.swift */,
				E0F26A812719D8090053635A /* HTTPHeaderField.swift */,
				E07B1817271A0AA500300035 /* MyRequestInterceptor.swift */,
				E0BA96AC271AAD5800D13101 /* APIEventLogger.swift */,
				E0BA96AE271AB0DC00D13101 /* API.swift */,
			);
			path = Bases;
			sourceTree = "<group>";
		};
		E0F26AA02719E7AC0053635A /* Models */ = {
			isa = PBXGroup;
			children = (
				E0F26A962719E5E30053635A /* Login.swift */,
				E07B1809271A043200300035 /* Person.swift */,
			);
			path = Models;
			sourceTree = "<group>";
		};
/* End PBXGroup section */

/* Begin PBXNativeTarget section */
		E0F26A5E2719CBEE0053635A /* ExAlamofire */ = {
			isa = PBXNativeTarget;
			buildConfigurationList = E0F26A732719CBEF0053635A /* Build configuration list for PBXNativeTarget "ExAlamofire" */;
			buildPhases = (
				E0F26A5B2719CBEE0053635A /* Sources */,
				E0F26A5C2719CBEE0053635A /* Frameworks */,
				E0F26A5D2719CBEE0053635A /* Resources */,
			);
			buildRules = (
			);
			dependencies = (
			);
			name = ExAlamofire;
			packageProductDependencies = (
				E0F26A7D2719CCA30053635A /* Alamofire */,
				E07B180D271A088700300035 /* KeychainAccess */,
			);
			productName = ExAlamofire;
			productReference = E0F26A5F2719CBEE0053635A /* ExAlamofire.app */;
			productType = "com.apple.product-type.application";
		};
/* End PBXNativeTarget section */

/* Begin PBXProject section */
		E0F26A572719CBEE0053635A /* Project object */ = {
			isa = PBXProject;
			attributes = {
				BuildIndependentTargetsInParallel = 1;
				LastSwiftUpdateCheck = 1300;
				LastUpgradeCheck = 1300;
				TargetAttributes = {
					E0F26A5E2719CBEE0053635A = {
						CreatedOnToolsVersion = 13.0;
					};
				};
			};
			buildConfigurationList = E0F26A5A2719CBEE0053635A /* Build configuration list for PBXProject "ExAlamofire" */;
			compatibilityVersion = "Xcode 13.0";
			developmentRegion = en;
			hasScannedForEncodings = 0;
			knownRegions = (
				en,
				Base,
			);
			mainGroup = E0F26A562719CBEE0053635A;
			packageReferences = (
				E0F26A7C2719CCA30053635A /* XCRemoteSwiftPackageReference "Alamofire" */,
				E07B180C271A088700300035 /* XCRemoteSwiftPackageReference "KeychainAccess" */,
			);
			productRefGroup = E0F26A602719CBEE0053635A /* Products */;
			projectDirPath = "";
			projectRoot = "";
			targets = (
				E0F26A5E2719CBEE0053635A /* ExAlamofire */,
			);
		};
/* End PBXProject section */

/* Begin PBXResourcesBuildPhase section */
		E0F26A5D2719CBEE0053635A /* Resources */ = {
			isa = PBXResourcesBuildPhase;
			buildActionMask = 2147483647;
			files = (
				E0F26A6F2719CBEF0053635A /* LaunchScreen.storyboard in Resources */,
				E0F26A6C2719CBEF0053635A /* Assets.xcassets in Resources */,
				E0F26A6A2719CBEE0053635A /* Main.storyboard in Resources */,
			);
			runOnlyForDeploymentPostprocessing = 0;
		};
/* End PBXResourcesBuildPhase section */

/* Begin PBXSourcesBuildPhase section */
		E0F26A5B2719CBEE0053635A /* Sources */ = {
			isa = PBXSourcesBuildPhase;
			buildActionMask = 2147483647;
			files = (
				E07B1808271A03CD00300035 /* PredictAgeAPI.swift in Sources */,
				E07B1818271A0AA500300035 /* MyRequestInterceptor.swift in Sources */,
				E0F26A8C2719D9200053635A /* LoginResponse.swift in Sources */,
				E0BA96AD271AAD5800D13101 /* APIEventLogger.swift in Sources */,
				E0F26A972719E5E30053635A /* Login.swift in Sources */,
				E07B1804271A039F00300035 /* PredictAgeResponse.swift in Sources */,
				E0F26A822719D8090053635A /* HTTPHeaderField.swift in Sources */,
				E0BA96A9271AA27A00D13101 /* MyAuthenticationCredential.swift in Sources */,
				E07B1812271A08DB00300035 /* Crypto.swift in Sources */,
				E07B1810271A089000300035 /* KeychainService.swift in Sources */,
				E0F26A992719E6690053635A /* UserDetailsRequest.swift in Sources */,
				E0F26A872719D8BD0053635A /* LoginTarget.swift in Sources */,
				E07B1816271A08FB00300035 /* KeychainAccessible.swift in Sources */,
				E0F26A672719CBEE0053635A /* ViewController.swift in Sources */,
				E0F26A902719DDFB0053635A /* LoginAPI.swift in Sources */,
				E0F26A632719CBEE0053635A /* AppDelegate.swift in Sources */,
				E0F26A9D2719E6E70053635A /* UserDetailsResponse.swift in Sources */,
				E07B1802271A037900300035 /* PredictAgeRequest.swift in Sources */,
				E0F26A652719CBEE0053635A /* SceneDelegate.swift in Sources */,
				E0BA96AF271AB0DC00D13101 /* API.swift in Sources */,
				E0F26A802719D6DD0053635A /* TargetType.swift in Sources */,
				E07B180A271A043200300035 /* Person.swift in Sources */,
				E0BA96AB271AA28700D13101 /* MyAuthenticator.swift in Sources */,
				E0F26A8E2719D9400053635A /* LoginRequest.swift in Sources */,
				E07B1806271A03C400300035 /* PredictAgeTarget.swift in Sources */,
			);
			runOnlyForDeploymentPostprocessing = 0;
		};
/* End PBXSourcesBuildPhase section */

/* Begin PBXVariantGroup section */
		E0F26A682719CBEE0053635A /* Main.storyboard */ = {
			isa = PBXVariantGroup;
			children = (
				E0F26A692719CBEE0053635A /* Base */,
			);
			name = Main.storyboard;
			sourceTree = "<group>";
		};
		E0F26A6D2719CBEF0053635A /* LaunchScreen.storyboard */ = {
			isa = PBXVariantGroup;
			children = (
				E0F26A6E2719CBEF0053635A /* Base */,
			);
			name = LaunchScreen.storyboard;
			sourceTree = "<group>";
		};
/* End PBXVariantGroup section */

/* Begin XCBuildConfiguration section */
		E0F26A712719CBEF0053635A /* Debug */ = {
			isa = XCBuildConfiguration;
			buildSettings = {
				ALWAYS_SEARCH_USER_PATHS = NO;
				CLANG_ANALYZER_NONNULL = YES;
				CLANG_ANALYZER_NUMBER_OBJECT_CONVERSION = YES_AGGRESSIVE;
				CLANG_CXX_LANGUAGE_STANDARD = "gnu++17";
				CLANG_CXX_LIBRARY = "libc++";
				CLANG_ENABLE_MODULES = YES;
				CLANG_ENABLE_OBJC_ARC = YES;
				CLANG_ENABLE_OBJC_WEAK = YES;
				CLANG_WARN_BLOCK_CAPTURE_AUTORELEASING = YES;
				CLANG_WARN_BOOL_CONVERSION = YES;
				CLANG_WARN_COMMA = YES;
				CLANG_WARN_CONSTANT_CONVERSION = YES;
				CLANG_WARN_DEPRECATED_OBJC_IMPLEMENTATIONS = YES;
				CLANG_WARN_DIRECT_OBJC_ISA_USAGE = YES_ERROR;
				CLANG_WARN_DOCUMENTATION_COMMENTS = YES;
				CLANG_WARN_EMPTY_BODY = YES;
				CLANG_WARN_ENUM_CONVERSION = YES;
				CLANG_WARN_INFINITE_RECURSION = YES;
				CLANG_WARN_INT_CONVERSION = YES;
				CLANG_WARN_NON_LITERAL_NULL_CONVERSION = YES;
				CLANG_WARN_OBJC_IMPLICIT_RETAIN_SELF = YES;
				CLANG_WARN_OBJC_LITERAL_CONVERSION = YES;
				CLANG_WARN_OBJC_ROOT_CLASS = YES_ERROR;
				CLANG_WARN_QUOTED_INCLUDE_IN_FRAMEWORK_HEADER = YES;
				CLANG_WARN_RANGE_LOOP_ANALYSIS = YES;
				CLANG_WARN_STRICT_PROTOTYPES = YES;
				CLANG_WARN_SUSPICIOUS_MOVE = YES;
				CLANG_WARN_UNGUARDED_AVAILABILITY = YES_AGGRESSIVE;
				CLANG_WARN_UNREACHABLE_CODE = YES;
				CLANG_WARN__DUPLICATE_METHOD_MATCH = YES;
				COPY_PHASE_STRIP = NO;
				DEBUG_INFORMATION_FORMAT = dwarf;
				ENABLE_STRICT_OBJC_MSGSEND = YES;
				ENABLE_TESTABILITY = YES;
				GCC_C_LANGUAGE_STANDARD = gnu11;
				GCC_DYNAMIC_NO_PIC = NO;
				GCC_NO_COMMON_BLOCKS = YES;
				GCC_OPTIMIZATION_LEVEL = 0;
				GCC_PREPROCESSOR_DEFINITIONS = (
					"DEBUG=1",
					"$(inherited)",
				);
				GCC_WARN_64_TO_32_BIT_CONVERSION = YES;
				GCC_WARN_ABOUT_RETURN_TYPE = YES_ERROR;
				GCC_WARN_UNDECLARED_SELECTOR = YES;
				GCC_WARN_UNINITIALIZED_AUTOS = YES_AGGRESSIVE;
				GCC_WARN_UNUSED_FUNCTION = YES;
				GCC_WARN_UNUSED_VARIABLE = YES;
				IPHONEOS_DEPLOYMENT_TARGET = 15.0;
				MTL_ENABLE_DEBUG_INFO = INCLUDE_SOURCE;
				MTL_FAST_MATH = YES;
				ONLY_ACTIVE_ARCH = YES;
				SDKROOT = iphoneos;
				SWIFT_ACTIVE_COMPILATION_CONDITIONS = DEBUG;
				SWIFT_OPTIMIZATION_LEVEL = "-Onone";
			};
			name = Debug;
		};
		E0F26A722719CBEF0053635A /* Release */ = {
			isa = XCBuildConfiguration;
			buildSettings = {
				ALWAYS_SEARCH_USER_PATHS = NO;
				CLANG_ANALYZER_NONNULL = YES;
				CLANG_ANALYZER_NUMBER_OBJECT_CONVERSION = YES_AGGRESSIVE;
				CLANG_CXX_LANGUAGE_STANDARD = "gnu++17";
				CLANG_CXX_LIBRARY = "libc++";
				CLANG_ENABLE_MODULES = YES;
				CLANG_ENABLE_OBJC_ARC = YES;
				CLANG_ENABLE_OBJC_WEAK = YES;
				CLANG_WARN_BLOCK_CAPTURE_AUTORELEASING = YES;
				CLANG_WARN_BOOL_CONVERSION = YES;
				CLANG_WARN_COMMA = YES;
				CLANG_WARN_CONSTANT_CONVERSION = YES;
				CLANG_WARN_DEPRECATED_OBJC_IMPLEMENTATIONS = YES;
				CLANG_WARN_DIRECT_OBJC_ISA_USAGE = YES_ERROR;
				CLANG_WARN_DOCUMENTATION_COMMENTS = YES;
				CLANG_WARN_EMPTY_BODY = YES;
				CLANG_WARN_ENUM_CONVERSION = YES;
				CLANG_WARN_INFINITE_RECURSION = YES;
				CLANG_WARN_INT_CONVERSION = YES;
				CLANG_WARN_NON_LITERAL_NULL_CONVERSION = YES;
				CLANG_WARN_OBJC_IMPLICIT_RETAIN_SELF = YES;
				CLANG_WARN_OBJC_LITERAL_CONVERSION = YES;
				CLANG_WARN_OBJC_ROOT_CLASS = YES_ERROR;
				CLANG_WARN_QUOTED_INCLUDE_IN_FRAMEWORK_HEADER = YES;
				CLANG_WARN_RANGE_LOOP_ANALYSIS = YES;
				CLANG_WARN_STRICT_PROTOTYPES = YES;
				CLANG_WARN_SUSPICIOUS_MOVE = YES;
				CLANG_WARN_UNGUARDED_AVAILABILITY = YES_AGGRESSIVE;
				CLANG_WARN_UNREACHABLE_CODE = YES;
				CLANG_WARN__DUPLICATE_METHOD_MATCH = YES;
				COPY_PHASE_STRIP = NO;
				DEBUG_INFORMATION_FORMAT = "dwarf-with-dsym";
				ENABLE_NS_ASSERTIONS = NO;
				ENABLE_STRICT_OBJC_MSGSEND = YES;
				GCC_C_LANGUAGE_STANDARD = gnu11;
				GCC_NO_COMMON_BLOCKS = YES;
				GCC_WARN_64_TO_32_BIT_CONVERSION = YES;
				GCC_WARN_ABOUT_RETURN_TYPE = YES_ERROR;
				GCC_WARN_UNDECLARED_SELECTOR = YES;
				GCC_WARN_UNINITIALIZED_AUTOS = YES_AGGRESSIVE;
				GCC_WARN_UNUSED_FUNCTION = YES;
				GCC_WARN_UNUSED_VARIABLE = YES;
				IPHONEOS_DEPLOYMENT_TARGET = 15.0;
				MTL_ENABLE_DEBUG_INFO = NO;
				MTL_FAST_MATH = YES;
				SDKROOT = iphoneos;
				SWIFT_COMPILATION_MODE = wholemodule;
				SWIFT_OPTIMIZATION_LEVEL = "-O";
				VALIDATE_PRODUCT = YES;
			};
			name = Release;
		};
		E0F26A742719CBEF0053635A /* Debug */ = {
			isa = XCBuildConfiguration;
			buildSettings = {
				ASSETCATALOG_COMPILER_APPICON_NAME = AppIcon;
				ASSETCATALOG_COMPILER_GLOBAL_ACCENT_COLOR_NAME = AccentColor;
				CODE_SIGN_STYLE = Automatic;
				CURRENT_PROJECT_VERSION = 1;
				DEVELOPMENT_TEAM = SS7U83UJNK;
				GENERATE_INFOPLIST_FILE = YES;
				INFOPLIST_FILE = ExAlamofire/Info.plist;
				INFOPLIST_KEY_UIApplicationSupportsIndirectInputEvents = YES;
				INFOPLIST_KEY_UILaunchStoryboardName = LaunchScreen;
				INFOPLIST_KEY_UIMainStoryboardFile = Main;
				INFOPLIST_KEY_UISupportedInterfaceOrientations_iPad = "UIInterfaceOrientationPortrait UIInterfaceOrientationPortraitUpsideDown UIInterfaceOrientationLandscapeLeft UIInterfaceOrientationLandscapeRight";
				INFOPLIST_KEY_UISupportedInterfaceOrientations_iPhone = "UIInterfaceOrientationPortrait UIInterfaceOrientationLandscapeLeft UIInterfaceOrientationLandscapeRight";
				LD_RUNPATH_SEARCH_PATHS = (
					"$(inherited)",
					"@executable_path/Frameworks",
				);
				MARKETING_VERSION = 1.0;
				PRODUCT_BUNDLE_IDENTIFIER = com.jake.ExAlamofire;
				PRODUCT_NAME = "$(TARGET_NAME)";
				SWIFT_EMIT_LOC_STRINGS = YES;
				SWIFT_VERSION = 5.0;
				TARGETED_DEVICE_FAMILY = "1,2";
			};
			name = Debug;
		};
		E0F26A752719CBEF0053635A /* Release */ = {
			isa = XCBuildConfiguration;
			buildSettings = {
				ASSETCATALOG_COMPILER_APPICON_NAME = AppIcon;
				ASSETCATALOG_COMPILER_GLOBAL_ACCENT_COLOR_NAME = AccentColor;
				CODE_SIGN_STYLE = Automatic;
				CURRENT_PROJECT_VERSION = 1;
				DEVELOPMENT_TEAM = SS7U83UJNK;
				GENERATE_INFOPLIST_FILE = YES;
				INFOPLIST_FILE = ExAlamofire/Info.plist;
				INFOPLIST_KEY_UIApplicationSupportsIndirectInputEvents = YES;
				INFOPLIST_KEY_UILaunchStoryboardName = LaunchScreen;
				INFOPLIST_KEY_UIMainStoryboardFile = Main;
				INFOPLIST_KEY_UISupportedInterfaceOrientations_iPad = "UIInterfaceOrientationPortrait UIInterfaceOrientationPortraitUpsideDown UIInterfaceOrientationLandscapeLeft UIInterfaceOrientationLandscapeRight";
				INFOPLIST_KEY_UISupportedInterfaceOrientations_iPhone = "UIInterfaceOrientationPortrait UIInterfaceOrientationLandscapeLeft UIInterfaceOrientationLandscapeRight";
				LD_RUNPATH_SEARCH_PATHS = (
					"$(inherited)",
					"@executable_path/Frameworks",
				);
				MARKETING_VERSION = 1.0;
				PRODUCT_BUNDLE_IDENTIFIER = com.jake.ExAlamofire;
				PRODUCT_NAME = "$(TARGET_NAME)";
				SWIFT_EMIT_LOC_STRINGS = YES;
				SWIFT_VERSION = 5.0;
				TARGETED_DEVICE_FAMILY = "1,2";
			};
			name = Release;
		};
/* End XCBuildConfiguration section */

/* Begin XCConfigurationList section */
		E0F26A5A2719CBEE0053635A /* Build configuration list for PBXProject "ExAlamofire" */ = {
			isa = XCConfigurationList;
			buildConfigurations = (
				E0F26A712719CBEF0053635A /* Debug */,
				E0F26A722719CBEF0053635A /* Release */,
			);
			defaultConfigurationIsVisible = 0;
			defaultConfigurationName = Release;
		};
		E0F26A732719CBEF0053635A /* Build configuration list for PBXNativeTarget "ExAlamofire" */ = {
			isa = XCConfigurationList;
			buildConfigurations = (
				E0F26A742719CBEF0053635A /* Debug */,
				E0F26A752719CBEF0053635A /* Release */,
			);
			defaultConfigurationIsVisible = 0;
			defaultConfigurationName = Release;
		};
/* End XCConfigurationList section */

/* Begin XCRemoteSwiftPackageReference section */
		E07B180C271A088700300035 /* XCRemoteSwiftPackageReference "KeychainAccess" */ = {
			isa = XCRemoteSwiftPackageReference;
			repositoryURL = "https://github.com/kishikawakatsumi/KeychainAccess.git";
			requirement = {
				branch = master;
				kind = branch;
			};
		};
		E0F26A7C2719CCA30053635A /* XCRemoteSwiftPackageReference "Alamofire" */ = {
			isa = XCRemoteSwiftPackageReference;
			repositoryURL = "https://github.com/Alamofire/Alamofire.git";
			requirement = {
				branch = master;
				kind = branch;
			};
		};
/* End XCRemoteSwiftPackageReference section */

/* Begin XCSwiftPackageProductDependency section */
		E07B180D271A088700300035 /* KeychainAccess */ = {
			isa = XCSwiftPackageProductDependency;
			package = E07B180C271A088700300035 /* XCRemoteSwiftPackageReference "KeychainAccess" */;
			productName = KeychainAccess;
		};
		E0F26A7D2719CCA30053635A /* Alamofire */ = {
			isa = XCSwiftPackageProductDependency;
			package = E0F26A7C2719CCA30053635A /* XCRemoteSwiftPackageReference "Alamofire" */;
			productName = Alamofire;
		};
/* End XCSwiftPackageProductDependency section */
	};
	rootObject = E0F26A572719CBEE0053635A /* Project object */;
}
